
Microsoft Visual Studio Solution File, Format Version 12.00
# Visual Studio Version 17
VisualStudioVersion = 17.13.35931.197 d17.13
MinimumVisualStudioVersion = 10.0.40219.1
Project("{FAE04EC0-301F-11D3-BF4B-00C04F79EFBC}") = "Comments", "Comments\Comments.csproj", "{6FBFCCBD-AFD1-458B-9D94-2A4BCE26E1CB}"
EndProject
Global
	GlobalSection(SolutionConfigurationPlatforms) = preSolution
		Debug|Any CPU = Debug|Any CPU
		Release|Any CPU = Release|Any CPU
	EndGlobalSection
	GlobalSection(ProjectConfigurationPlatforms) = postSolution
		{6FBFCCBD-AFD1-458B-9D94-2A4BCE26E1CB}.Debug|Any CPU.ActiveCfg = Debug|Any CPU
		{6FBFCCBD-AFD1-458B-9D94-2A4BCE26E1CB}.Debug|Any CPU.Build.0 = Debug|Any CPU
		{6FBFCCBD-AFD1-458B-9D94-2A4BCE26E1CB}.Release|Any CPU.ActiveCfg = Release|Any CPU
		{6FBFCCBD-AFD1-458B-9D94-2A4BCE26E1CB}.Release|Any CPU.Build.0 = Release|Any CPU
	EndGlobalSection
	GlobalSection(SolutionProperties) = preSolution
		HideSolutionNode = FALSE
	EndGlobalSection
	GlobalSection(ExtensibilityGlobals) = postSolution
		SolutionGuid = {EB37F633-15AE-4850-9E65-EA01965FEC13}
	EndGlobalSection
EndGlobal
