
Microsoft Visual Studio Solution File, Format Version 12.00
# Visual Studio Version 17
VisualStudioVersion = 17.13.35931.197 d17.13
MinimumVisualStudioVersion = 10.0.40219.1
Project("{FAE04EC0-301F-11D3-BF4B-00C04F79EFBC}") = "ArraysAndLists", "ArraysAndLists\ArraysAndLists.csproj", "{37FBE2FB-BC3B-4BD3-AAED-7EEE13047BA3}"
EndProject
Global
	GlobalSection(SolutionConfigurationPlatforms) = preSolution
		Debug|Any CPU = Debug|Any CPU
		Release|Any CPU = Release|Any CPU
	EndGlobalSection
	GlobalSection(ProjectConfigurationPlatforms) = postSolution
		{37FBE2FB-BC3B-4BD3-AAED-7EEE13047BA3}.Debug|Any CPU.ActiveCfg = Debug|Any CPU
		{37FBE2FB-BC3B-4BD3-AAED-7EEE13047BA3}.Debug|Any CPU.Build.0 = Debug|Any CPU
		{37FBE2FB-BC3B-4BD3-AAED-7EEE13047BA3}.Release|Any CPU.ActiveCfg = Release|Any CPU
		{37FBE2FB-BC3B-4BD3-AAED-7EEE13047BA3}.Release|Any CPU.Build.0 = Release|Any CPU
	EndGlobalSection
	GlobalSection(SolutionProperties) = preSolution
		HideSolutionNode = FALSE
	EndGlobalSection
	GlobalSection(ExtensibilityGlobals) = postSolution
		SolutionGuid = {300A9C6D-156A-404C-9740-6E80A49F2805}
	EndGlobalSection
EndGlobal
